
Microsoft Visual Studio Solution File, Format Version 12.00
# Visual Studio Version 17
VisualStudioVersion = 17.11.35222.181
MinimumVisualStudioVersion = 10.0.40219.1
Project("{FAE04EC0-301F-11D3-BF4B-00C04F79EFBC}") = "ProyectoRelampago", "ProyectoRelampago\ProyectoRelampago.csproj", "{929AF712-FF6A-402B-A9BA-187FEE2DAFEF}"
EndProject
Global
	GlobalSection(SolutionConfigurationPlatforms) = preSolution
		Debug|Any CPU = Debug|Any CPU
		Release|Any CPU = Release|Any CPU
	EndGlobalSection
	GlobalSection(ProjectConfigurationPlatforms) = postSolution
		{929AF712-FF6A-402B-A9BA-187FEE2DAFEF}.Debug|Any CPU.ActiveCfg = Debug|Any CPU
		{929AF712-FF6A-402B-A9BA-187FEE2DAFEF}.Debug|Any CPU.Build.0 = Debug|Any CPU
		{929AF712-FF6A-402B-A9BA-187FEE2DAFEF}.Release|Any CPU.ActiveCfg = Release|Any CPU
		{929AF712-FF6A-402B-A9BA-187FEE2DAFEF}.Release|Any CPU.Build.0 = Release|Any CPU
	EndGlobalSection
	GlobalSection(SolutionProperties) = preSolution
		HideSolutionNode = FALSE
	EndGlobalSection
	GlobalSection(ExtensibilityGlobals) = postSolution
		SolutionGuid = {FF55FB70-D040-4B0D-8A40-CE01BE0BE767}
	EndGlobalSection
EndGlobal
